// !$*UTF8*$!
{
	archiveVersion = 1;
	classes = {
	};
	objectVersion = 55;
	objects = {

/* Begin PBXBuildFile section */
		0BD75EFE743B527B63782065 /* Pods_TmdbMovieAppTests.framework in Frameworks */ = {isa = PBXBuildFile; fileRef = E6A5354F1579F81324794E49 /* Pods_TmdbMovieAppTests.framework */; };
		510AEEF151E5CF47E83A8F05 /* Pods_TmdbMovieApp.framework in Frameworks */ = {isa = PBXBuildFile; fileRef = 962D83A84AA4212D81CA43C6 /* Pods_TmdbMovieApp.framework */; };
		5E719D8128134A8200FD0BB8 /* AppDelegate.swift in Sources */ = {isa = PBXBuildFile; fileRef = 5E719D8028134A8200FD0BB8 /* AppDelegate.swift */; };
		5E719D8328134A8200FD0BB8 /* SceneDelegate.swift in Sources */ = {isa = PBXBuildFile; fileRef = 5E719D8228134A8200FD0BB8 /* SceneDelegate.swift */; };
		5E719D8528134A8200FD0BB8 /* ViewController.swift in Sources */ = {isa = PBXBuildFile; fileRef = 5E719D8428134A8200FD0BB8 /* ViewController.swift */; };
		5E719D8828134A8200FD0BB8 /* Main.storyboard in Resources */ = {isa = PBXBuildFile; fileRef = 5E719D8628134A8200FD0BB8 /* Main.storyboard */; };
		5E719D8A28134A8300FD0BB8 /* Assets.xcassets in Resources */ = {isa = PBXBuildFile; fileRef = 5E719D8928134A8300FD0BB8 /* Assets.xcassets */; };
		5E719D8D28134A8300FD0BB8 /* LaunchScreen.storyboard in Resources */ = {isa = PBXBuildFile; fileRef = 5E719D8B28134A8300FD0BB8 /* LaunchScreen.storyboard */; };
		5E719DA228134A8300FD0BB8 /* TmdbMovieAppUITests.swift in Sources */ = {isa = PBXBuildFile; fileRef = 5E719DA128134A8300FD0BB8 /* TmdbMovieAppUITests.swift */; };
		5E719DA428134A8300FD0BB8 /* TmdbMovieAppUITestsLaunchTests.swift in Sources */ = {isa = PBXBuildFile; fileRef = 5E719DA328134A8300FD0BB8 /* TmdbMovieAppUITestsLaunchTests.swift */; };
		5E719DB128134C8600FD0BB8 /* README.md in Resources */ = {isa = PBXBuildFile; fileRef = 5E719DB028134C8600FD0BB8 /* README.md */; };
		5E719E1428135E5800FD0BB8 /* Movie.swift in Sources */ = {isa = PBXBuildFile; fileRef = 5E719E1328135E5800FD0BB8 /* Movie.swift */; };
		5E719E1628135E6500FD0BB8 /* Movies.swift in Sources */ = {isa = PBXBuildFile; fileRef = 5E719E1528135E6500FD0BB8 /* Movies.swift */; };
		5E719E1828135EAF00FD0BB8 /* MovieTests.swift in Sources */ = {isa = PBXBuildFile; fileRef = 5E719E1728135EAF00FD0BB8 /* MovieTests.swift */; };
		5E719E1B28135F5000FD0BB8 /* Decoders.swift in Sources */ = {isa = PBXBuildFile; fileRef = 5E719E1A28135F5000FD0BB8 /* Decoders.swift */; };
		5E719E1F281360A700FD0BB8 /* movie.json in Resources */ = {isa = PBXBuildFile; fileRef = 5E719E1E281360A700FD0BB8 /* movie.json */; };
		5E719E21281366B300FD0BB8 /* APIKey.swift in Sources */ = {isa = PBXBuildFile; fileRef = 5E719E20281366B300FD0BB8 /* APIKey.swift */; };
		5E719E23281366D900FD0BB8 /* Constants.swift in Sources */ = {isa = PBXBuildFile; fileRef = 5E719E22281366D900FD0BB8 /* Constants.swift */; };
		5E719E252813676500FD0BB8 /* NetworkError.swift in Sources */ = {isa = PBXBuildFile; fileRef = 5E719E242813676500FD0BB8 /* NetworkError.swift */; };
		5E719E2C281369EA00FD0BB8 /* APIService.swift in Sources */ = {isa = PBXBuildFile; fileRef = 5E719E2B281369EA00FD0BB8 /* APIService.swift */; };
		5E719E2E28136A1500FD0BB8 /* NetworkRequest.swift in Sources */ = {isa = PBXBuildFile; fileRef = 5E719E2D28136A1500FD0BB8 /* NetworkRequest.swift */; };
		AC537CBE1B4F8EBD2A2A0056 /* Pods_TmdbMovieApp_TmdbMovieAppUITests.framework in Frameworks */ = {isa = PBXBuildFile; fileRef = 96EC9B4B1303BD8592E682A4 /* Pods_TmdbMovieApp_TmdbMovieAppUITests.framework */; };
/* End PBXBuildFile section */

/* Begin PBXContainerItemProxy section */
		5E719D9428134A8300FD0BB8 /* PBXContainerItemProxy */ = {
			isa = PBXContainerItemProxy;
			containerPortal = 5E719D7528134A8200FD0BB8 /* Project object */;
			proxyType = 1;
			remoteGlobalIDString = 5E719D7C28134A8200FD0BB8;
			remoteInfo = TmdbMovieApp;
		};
		5E719D9E28134A8300FD0BB8 /* PBXContainerItemProxy */ = {
			isa = PBXContainerItemProxy;
			containerPortal = 5E719D7528134A8200FD0BB8 /* Project object */;
			proxyType = 1;
			remoteGlobalIDString = 5E719D7C28134A8200FD0BB8;
			remoteInfo = TmdbMovieApp;
		};
/* End PBXContainerItemProxy section */

/* Begin PBXFileReference section */
		09F8EA818E75D85E3120CA78 /* Pods-TmdbMovieApp.release.xcconfig */ = {isa = PBXFileReference; includeInIndex = 1; lastKnownFileType = text.xcconfig; name = "Pods-TmdbMovieApp.release.xcconfig"; path = "Target Support Files/Pods-TmdbMovieApp/Pods-TmdbMovieApp.release.xcconfig"; sourceTree = "<group>"; };
		50D20FE5BC55DFF9AE51859B /* Pods-TmdbMovieApp-TmdbMovieAppUITests.release.xcconfig */ = {isa = PBXFileReference; includeInIndex = 1; lastKnownFileType = text.xcconfig; name = "Pods-TmdbMovieApp-TmdbMovieAppUITests.release.xcconfig"; path = "Target Support Files/Pods-TmdbMovieApp-TmdbMovieAppUITests/Pods-TmdbMovieApp-TmdbMovieAppUITests.release.xcconfig"; sourceTree = "<group>"; };
		5E719D7D28134A8200FD0BB8 /* TmdbMovieApp.app */ = {isa = PBXFileReference; explicitFileType = wrapper.application; includeInIndex = 0; path = TmdbMovieApp.app; sourceTree = BUILT_PRODUCTS_DIR; };
		5E719D8028134A8200FD0BB8 /* AppDelegate.swift */ = {isa = PBXFileReference; lastKnownFileType = sourcecode.swift; path = AppDelegate.swift; sourceTree = "<group>"; };
		5E719D8228134A8200FD0BB8 /* SceneDelegate.swift */ = {isa = PBXFileReference; lastKnownFileType = sourcecode.swift; path = SceneDelegate.swift; sourceTree = "<group>"; };
		5E719D8428134A8200FD0BB8 /* ViewController.swift */ = {isa = PBXFileReference; lastKnownFileType = sourcecode.swift; path = ViewController.swift; sourceTree = "<group>"; };
		5E719D8728134A8200FD0BB8 /* Base */ = {isa = PBXFileReference; lastKnownFileType = file.storyboard; name = Base; path = Base.lproj/Main.storyboard; sourceTree = "<group>"; };
		5E719D8928134A8300FD0BB8 /* Assets.xcassets */ = {isa = PBXFileReference; lastKnownFileType = folder.assetcatalog; path = Assets.xcassets; sourceTree = "<group>"; };
		5E719D8C28134A8300FD0BB8 /* Base */ = {isa = PBXFileReference; lastKnownFileType = file.storyboard; name = Base; path = Base.lproj/LaunchScreen.storyboard; sourceTree = "<group>"; };
		5E719D8E28134A8300FD0BB8 /* Info.plist */ = {isa = PBXFileReference; lastKnownFileType = text.plist.xml; path = Info.plist; sourceTree = "<group>"; };
		5E719D9328134A8300FD0BB8 /* TmdbMovieAppTests.xctest */ = {isa = PBXFileReference; explicitFileType = wrapper.cfbundle; includeInIndex = 0; path = TmdbMovieAppTests.xctest; sourceTree = BUILT_PRODUCTS_DIR; };
		5E719D9D28134A8300FD0BB8 /* TmdbMovieAppUITests.xctest */ = {isa = PBXFileReference; explicitFileType = wrapper.cfbundle; includeInIndex = 0; path = TmdbMovieAppUITests.xctest; sourceTree = BUILT_PRODUCTS_DIR; };
		5E719DA128134A8300FD0BB8 /* TmdbMovieAppUITests.swift */ = {isa = PBXFileReference; lastKnownFileType = sourcecode.swift; path = TmdbMovieAppUITests.swift; sourceTree = "<group>"; };
		5E719DA328134A8300FD0BB8 /* TmdbMovieAppUITestsLaunchTests.swift */ = {isa = PBXFileReference; lastKnownFileType = sourcecode.swift; path = TmdbMovieAppUITestsLaunchTests.swift; sourceTree = "<group>"; };
		5E719DB028134C8600FD0BB8 /* README.md */ = {isa = PBXFileReference; lastKnownFileType = net.daringfireball.markdown; path = README.md; sourceTree = "<group>"; };
		5E719E1328135E5800FD0BB8 /* Movie.swift */ = {isa = PBXFileReference; lastKnownFileType = sourcecode.swift; path = Movie.swift; sourceTree = "<group>"; };
		5E719E1528135E6500FD0BB8 /* Movies.swift */ = {isa = PBXFileReference; lastKnownFileType = sourcecode.swift; path = Movies.swift; sourceTree = "<group>"; };
		5E719E1728135EAF00FD0BB8 /* MovieTests.swift */ = {isa = PBXFileReference; lastKnownFileType = sourcecode.swift; path = MovieTests.swift; sourceTree = "<group>"; };
		5E719E1A28135F5000FD0BB8 /* Decoders.swift */ = {isa = PBXFileReference; lastKnownFileType = sourcecode.swift; path = Decoders.swift; sourceTree = "<group>"; };
		5E719E1E281360A700FD0BB8 /* movie.json */ = {isa = PBXFileReference; lastKnownFileType = text.json; path = movie.json; sourceTree = "<group>"; };
		5E719E20281366B300FD0BB8 /* APIKey.swift */ = {isa = PBXFileReference; lastKnownFileType = sourcecode.swift; path = APIKey.swift; sourceTree = "<group>"; };
		5E719E22281366D900FD0BB8 /* Constants.swift */ = {isa = PBXFileReference; lastKnownFileType = sourcecode.swift; path = Constants.swift; sourceTree = "<group>"; };
		5E719E242813676500FD0BB8 /* NetworkError.swift */ = {isa = PBXFileReference; lastKnownFileType = sourcecode.swift; path = NetworkError.swift; sourceTree = "<group>"; };
		5E719E2B281369EA00FD0BB8 /* APIService.swift */ = {isa = PBXFileReference; lastKnownFileType = sourcecode.swift; path = APIService.swift; sourceTree = "<group>"; };
		5E719E2D28136A1500FD0BB8 /* NetworkRequest.swift */ = {isa = PBXFileReference; lastKnownFileType = sourcecode.swift; path = NetworkRequest.swift; sourceTree = "<group>"; };
		7750077606179FD827809D59 /* Pods-TmdbMovieApp.debug.xcconfig */ = {isa = PBXFileReference; includeInIndex = 1; lastKnownFileType = text.xcconfig; name = "Pods-TmdbMovieApp.debug.xcconfig"; path = "Target Support Files/Pods-TmdbMovieApp/Pods-TmdbMovieApp.debug.xcconfig"; sourceTree = "<group>"; };
		7B4D229A504940D5DF5170AF /* Pods-TmdbMovieAppTests.debug.xcconfig */ = {isa = PBXFileReference; includeInIndex = 1; lastKnownFileType = text.xcconfig; name = "Pods-TmdbMovieAppTests.debug.xcconfig"; path = "Target Support Files/Pods-TmdbMovieAppTests/Pods-TmdbMovieAppTests.debug.xcconfig"; sourceTree = "<group>"; };
		962D83A84AA4212D81CA43C6 /* Pods_TmdbMovieApp.framework */ = {isa = PBXFileReference; explicitFileType = wrapper.framework; includeInIndex = 0; path = Pods_TmdbMovieApp.framework; sourceTree = BUILT_PRODUCTS_DIR; };
		96EC9B4B1303BD8592E682A4 /* Pods_TmdbMovieApp_TmdbMovieAppUITests.framework */ = {isa = PBXFileReference; explicitFileType = wrapper.framework; includeInIndex = 0; path = Pods_TmdbMovieApp_TmdbMovieAppUITests.framework; sourceTree = BUILT_PRODUCTS_DIR; };
		E1617C22C161E869AEA9FB18 /* Pods-TmdbMovieAppTests.release.xcconfig */ = {isa = PBXFileReference; includeInIndex = 1; lastKnownFileType = text.xcconfig; name = "Pods-TmdbMovieAppTests.release.xcconfig"; path = "Target Support Files/Pods-TmdbMovieAppTests/Pods-TmdbMovieAppTests.release.xcconfig"; sourceTree = "<group>"; };
		E6A5354F1579F81324794E49 /* Pods_TmdbMovieAppTests.framework */ = {isa = PBXFileReference; explicitFileType = wrapper.framework; includeInIndex = 0; path = Pods_TmdbMovieAppTests.framework; sourceTree = BUILT_PRODUCTS_DIR; };
		F53851B0151D874223F9ACD6 /* Pods-TmdbMovieApp-TmdbMovieAppUITests.debug.xcconfig */ = {isa = PBXFileReference; includeInIndex = 1; lastKnownFileType = text.xcconfig; name = "Pods-TmdbMovieApp-TmdbMovieAppUITests.debug.xcconfig"; path = "Target Support Files/Pods-TmdbMovieApp-TmdbMovieAppUITests/Pods-TmdbMovieApp-TmdbMovieAppUITests.debug.xcconfig"; sourceTree = "<group>"; };
/* End PBXFileReference section */

/* Begin PBXFrameworksBuildPhase section */
		5E719D7A28134A8200FD0BB8 /* Frameworks */ = {
			isa = PBXFrameworksBuildPhase;
			buildActionMask = 2147483647;
			files = (
				510AEEF151E5CF47E83A8F05 /* Pods_TmdbMovieApp.framework in Frameworks */,
			);
			runOnlyForDeploymentPostprocessing = 0;
		};
		5E719D9028134A8300FD0BB8 /* Frameworks */ = {
			isa = PBXFrameworksBuildPhase;
			buildActionMask = 2147483647;
			files = (
				0BD75EFE743B527B63782065 /* Pods_TmdbMovieAppTests.framework in Frameworks */,
			);
			runOnlyForDeploymentPostprocessing = 0;
		};
		5E719D9A28134A8300FD0BB8 /* Frameworks */ = {
			isa = PBXFrameworksBuildPhase;
			buildActionMask = 2147483647;
			files = (
				AC537CBE1B4F8EBD2A2A0056 /* Pods_TmdbMovieApp_TmdbMovieAppUITests.framework in Frameworks */,
			);
			runOnlyForDeploymentPostprocessing = 0;
		};
/* End PBXFrameworksBuildPhase section */

/* Begin PBXGroup section */
		5E719D7428134A8200FD0BB8 = {
			isa = PBXGroup;
			children = (
				5E719DB028134C8600FD0BB8 /* README.md */,
				5E719D7F28134A8200FD0BB8 /* TmdbMovieApp */,
				5E719D9628134A8300FD0BB8 /* TmdbMovieAppTests */,
				5E719DA028134A8300FD0BB8 /* TmdbMovieAppUITests */,
				5E719D7E28134A8200FD0BB8 /* Products */,
				DD037FB10445BEB6771E7A1A /* Pods */,
				D32F716A1404D27DE40A3DAA /* Frameworks */,
			);
			sourceTree = "<group>";
		};
		5E719D7E28134A8200FD0BB8 /* Products */ = {
			isa = PBXGroup;
			children = (
				5E719D7D28134A8200FD0BB8 /* TmdbMovieApp.app */,
				5E719D9328134A8300FD0BB8 /* TmdbMovieAppTests.xctest */,
				5E719D9D28134A8300FD0BB8 /* TmdbMovieAppUITests.xctest */,
			);
			name = Products;
			sourceTree = "<group>";
		};
		5E719D7F28134A8200FD0BB8 /* TmdbMovieApp */ = {
			isa = PBXGroup;
			children = (
				5E719E0728135DDD00FD0BB8 /* Base */,
				5E719E0628135DCF00FD0BB8 /* Features */,
				5E719D8028134A8200FD0BB8 /* AppDelegate.swift */,
				5E719D8228134A8200FD0BB8 /* SceneDelegate.swift */,
				5E719D8428134A8200FD0BB8 /* ViewController.swift */,
				5E719D8628134A8200FD0BB8 /* Main.storyboard */,
				5E719D8928134A8300FD0BB8 /* Assets.xcassets */,
				5E719D8B28134A8300FD0BB8 /* LaunchScreen.storyboard */,
				5E719D8E28134A8300FD0BB8 /* Info.plist */,
			);
			path = TmdbMovieApp;
			sourceTree = "<group>";
		};
		5E719D9628134A8300FD0BB8 /* TmdbMovieAppTests */ = {
			isa = PBXGroup;
			children = (
				5E719E1D2813609100FD0BB8 /* JsonForTest */,
				5E719E1728135EAF00FD0BB8 /* MovieTests.swift */,
			);
			path = TmdbMovieAppTests;
			sourceTree = "<group>";
		};
		5E719DA028134A8300FD0BB8 /* TmdbMovieAppUITests */ = {
			isa = PBXGroup;
			children = (
				5E719DA128134A8300FD0BB8 /* TmdbMovieAppUITests.swift */,
				5E719DA328134A8300FD0BB8 /* TmdbMovieAppUITestsLaunchTests.swift */,
			);
			path = TmdbMovieAppUITests;
			sourceTree = "<group>";
		};
		5E719E0628135DCF00FD0BB8 /* Features */ = {
			isa = PBXGroup;
			children = (
				5E719E0B28135E0900FD0BB8 /* Detail */,
				5E719E0A28135E0000FD0BB8 /* Home */,
			);
			path = Features;
			sourceTree = "<group>";
		};
		5E719E0728135DDD00FD0BB8 /* Base */ = {
			isa = PBXGroup;
			children = (
				5E719E0928135DF800FD0BB8 /* App */,
				5E719E0828135DE900FD0BB8 /* NetworkLayer */,
			);
			path = Base;
			sourceTree = "<group>";
		};
		5E719E0828135DE900FD0BB8 /* NetworkLayer */ = {
			isa = PBXGroup;
			children = (
				5E719E2A281369CE00FD0BB8 /* Service */,
				5E719E29281369AD00FD0BB8 /* Constants */,
				5E719E282813699800FD0BB8 /* Decoder */,
				5E719E272813696C00FD0BB8 /* Enum */,
			);
			path = NetworkLayer;
			sourceTree = "<group>";
		};
		5E719E0928135DF800FD0BB8 /* App */ = {
			isa = PBXGroup;
			children = (
			);
			path = App;
			sourceTree = "<group>";
		};
		5E719E0A28135E0000FD0BB8 /* Home */ = {
			isa = PBXGroup;
			children = (
				5E719E0E28135E2400FD0BB8 /* Model */,
				5E719E0D28135E1800FD0BB8 /* ViewModel */,
				5E719E0C28135E1100FD0BB8 /* View */,
			);
			path = Home;
			sourceTree = "<group>";
		};
		5E719E0B28135E0900FD0BB8 /* Detail */ = {
			isa = PBXGroup;
			children = (
				5E719E1128135E4000FD0BB8 /* Model */,
				5E719E1028135E3700FD0BB8 /* ViewModel */,
				5E719E0F28135E2D00FD0BB8 /* View */,
			);
			path = Detail;
			sourceTree = "<group>";
		};
		5E719E0C28135E1100FD0BB8 /* View */ = {
			isa = PBXGroup;
			children = (
			);
			path = View;
			sourceTree = "<group>";
		};
		5E719E0D28135E1800FD0BB8 /* ViewModel */ = {
			isa = PBXGroup;
			children = (
			);
			path = ViewModel;
			sourceTree = "<group>";
		};
		5E719E0E28135E2400FD0BB8 /* Model */ = {
			isa = PBXGroup;
			children = (
				5E719E1328135E5800FD0BB8 /* Movie.swift */,
				5E719E1528135E6500FD0BB8 /* Movies.swift */,
			);
			path = Model;
			sourceTree = "<group>";
		};
		5E719E0F28135E2D00FD0BB8 /* View */ = {
			isa = PBXGroup;
			children = (
			);
			path = View;
			sourceTree = "<group>";
		};
		5E719E1028135E3700FD0BB8 /* ViewModel */ = {
			isa = PBXGroup;
			children = (
			);
			path = ViewModel;
			sourceTree = "<group>";
		};
		5E719E1128135E4000FD0BB8 /* Model */ = {
			isa = PBXGroup;
			children = (
			);
			path = Model;
			sourceTree = "<group>";
		};
		5E719E1D2813609100FD0BB8 /* JsonForTest */ = {
			isa = PBXGroup;
			children = (
				5E719E1E281360A700FD0BB8 /* movie.json */,
			);
			path = JsonForTest;
			sourceTree = "<group>";
		};
		5E719E272813696C00FD0BB8 /* Enum */ = {
			isa = PBXGroup;
			children = (
				5E719E242813676500FD0BB8 /* NetworkError.swift */,
				5E719E2D28136A1500FD0BB8 /* NetworkRequest.swift */,
			);
			path = Enum;
			sourceTree = "<group>";
		};
		5E719E282813699800FD0BB8 /* Decoder */ = {
			isa = PBXGroup;
			children = (
				5E719E1A28135F5000FD0BB8 /* Decoders.swift */,
			);
			path = Decoder;
			sourceTree = "<group>";
		};
		5E719E29281369AD00FD0BB8 /* Constants */ = {
			isa = PBXGroup;
			children = (
				5E719E20281366B300FD0BB8 /* APIKey.swift */,
				5E719E22281366D900FD0BB8 /* Constants.swift */,
			);
			path = Constants;
			sourceTree = "<group>";
		};
		5E719E2A281369CE00FD0BB8 /* Service */ = {
			isa = PBXGroup;
			children = (
				5E719E2B281369EA00FD0BB8 /* APIService.swift */,
			);
			path = Service;
			sourceTree = "<group>";
		};
		D32F716A1404D27DE40A3DAA /* Frameworks */ = {
			isa = PBXGroup;
			children = (
				962D83A84AA4212D81CA43C6 /* Pods_TmdbMovieApp.framework */,
				96EC9B4B1303BD8592E682A4 /* Pods_TmdbMovieApp_TmdbMovieAppUITests.framework */,
				E6A5354F1579F81324794E49 /* Pods_TmdbMovieAppTests.framework */,
			);
			name = Frameworks;
			sourceTree = "<group>";
		};
		DD037FB10445BEB6771E7A1A /* Pods */ = {
			isa = PBXGroup;
			children = (
				7750077606179FD827809D59 /* Pods-TmdbMovieApp.debug.xcconfig */,
				09F8EA818E75D85E3120CA78 /* Pods-TmdbMovieApp.release.xcconfig */,
				F53851B0151D874223F9ACD6 /* Pods-TmdbMovieApp-TmdbMovieAppUITests.debug.xcconfig */,
				50D20FE5BC55DFF9AE51859B /* Pods-TmdbMovieApp-TmdbMovieAppUITests.release.xcconfig */,
				7B4D229A504940D5DF5170AF /* Pods-TmdbMovieAppTests.debug.xcconfig */,
				E1617C22C161E869AEA9FB18 /* Pods-TmdbMovieAppTests.release.xcconfig */,
			);
			name = Pods;
			path = Pods;
			sourceTree = "<group>";
		};
/* End PBXGroup section */

/* Begin PBXNativeTarget section */
		5E719D7C28134A8200FD0BB8 /* TmdbMovieApp */ = {
			isa = PBXNativeTarget;
			buildConfigurationList = 5E719DA728134A8300FD0BB8 /* Build configuration list for PBXNativeTarget "TmdbMovieApp" */;
			buildPhases = (
				63A3B2EB09A3C896D4FE70A2 /* [CP] Check Pods Manifest.lock */,
				5E719D7928134A8200FD0BB8 /* Sources */,
				5E719D7A28134A8200FD0BB8 /* Frameworks */,
				5E719D7B28134A8200FD0BB8 /* Resources */,
				5EC6A92B05C961CD021D9EB7 /* [CP] Embed Pods Frameworks */,
			);
			buildRules = (
			);
			dependencies = (
			);
			name = TmdbMovieApp;
			productName = TmdbMovieApp;
			productReference = 5E719D7D28134A8200FD0BB8 /* TmdbMovieApp.app */;
			productType = "com.apple.product-type.application";
		};
		5E719D9228134A8300FD0BB8 /* TmdbMovieAppTests */ = {
			isa = PBXNativeTarget;
			buildConfigurationList = 5E719DAA28134A8300FD0BB8 /* Build configuration list for PBXNativeTarget "TmdbMovieAppTests" */;
			buildPhases = (
				1589B8923484C9DC0A4C0592 /* [CP] Check Pods Manifest.lock */,
				5E719D8F28134A8300FD0BB8 /* Sources */,
				5E719D9028134A8300FD0BB8 /* Frameworks */,
				5E719D9128134A8300FD0BB8 /* Resources */,
			);
			buildRules = (
			);
			dependencies = (
				5E719D9528134A8300FD0BB8 /* PBXTargetDependency */,
			);
			name = TmdbMovieAppTests;
			productName = TmdbMovieAppTests;
			productReference = 5E719D9328134A8300FD0BB8 /* TmdbMovieAppTests.xctest */;
			productType = "com.apple.product-type.bundle.unit-test";
		};
		5E719D9C28134A8300FD0BB8 /* TmdbMovieAppUITests */ = {
			isa = PBXNativeTarget;
			buildConfigurationList = 5E719DAD28134A8300FD0BB8 /* Build configuration list for PBXNativeTarget "TmdbMovieAppUITests" */;
			buildPhases = (
				69D5DC4B11D8309DA35813B0 /* [CP] Check Pods Manifest.lock */,
				5E719D9928134A8300FD0BB8 /* Sources */,
				5E719D9A28134A8300FD0BB8 /* Frameworks */,
				5E719D9B28134A8300FD0BB8 /* Resources */,
				3BBB25A9DD477B4EA71DC999 /* [CP] Embed Pods Frameworks */,
			);
			buildRules = (
			);
			dependencies = (
				5E719D9F28134A8300FD0BB8 /* PBXTargetDependency */,
			);
			name = TmdbMovieAppUITests;
			productName = TmdbMovieAppUITests;
			productReference = 5E719D9D28134A8300FD0BB8 /* TmdbMovieAppUITests.xctest */;
			productType = "com.apple.product-type.bundle.ui-testing";
		};
/* End PBXNativeTarget section */

/* Begin PBXProject section */
		5E719D7528134A8200FD0BB8 /* Project object */ = {
			isa = PBXProject;
			attributes = {
				BuildIndependentTargetsInParallel = 1;
				LastSwiftUpdateCheck = 1330;
				LastUpgradeCheck = 1330;
				TargetAttributes = {
					5E719D7C28134A8200FD0BB8 = {
						CreatedOnToolsVersion = 13.3.1;
					};
					5E719D9228134A8300FD0BB8 = {
						CreatedOnToolsVersion = 13.3.1;
						TestTargetID = 5E719D7C28134A8200FD0BB8;
					};
					5E719D9C28134A8300FD0BB8 = {
						CreatedOnToolsVersion = 13.3.1;
						TestTargetID = 5E719D7C28134A8200FD0BB8;
					};
				};
			};
			buildConfigurationList = 5E719D7828134A8200FD0BB8 /* Build configuration list for PBXProject "TmdbMovieApp" */;
			compatibilityVersion = "Xcode 13.0";
			developmentRegion = en;
			hasScannedForEncodings = 0;
			knownRegions = (
				en,
				Base,
			);
			mainGroup = 5E719D7428134A8200FD0BB8;
			productRefGroup = 5E719D7E28134A8200FD0BB8 /* Products */;
			projectDirPath = "";
			projectRoot = "";
			targets = (
				5E719D7C28134A8200FD0BB8 /* TmdbMovieApp */,
				5E719D9228134A8300FD0BB8 /* TmdbMovieAppTests */,
				5E719D9C28134A8300FD0BB8 /* TmdbMovieAppUITests */,
			);
		};
/* End PBXProject section */

/* Begin PBXResourcesBuildPhase section */
		5E719D7B28134A8200FD0BB8 /* Resources */ = {
			isa = PBXResourcesBuildPhase;
			buildActionMask = 2147483647;
			files = (
				5E719D8D28134A8300FD0BB8 /* LaunchScreen.storyboard in Resources */,
				5E719D8A28134A8300FD0BB8 /* Assets.xcassets in Resources */,
				5E719DB128134C8600FD0BB8 /* README.md in Resources */,
				5E719D8828134A8200FD0BB8 /* Main.storyboard in Resources */,
			);
			runOnlyForDeploymentPostprocessing = 0;
		};
		5E719D9128134A8300FD0BB8 /* Resources */ = {
			isa = PBXResourcesBuildPhase;
			buildActionMask = 2147483647;
			files = (
				5E719E1F281360A700FD0BB8 /* movie.json in Resources */,
			);
			runOnlyForDeploymentPostprocessing = 0;
		};
		5E719D9B28134A8300FD0BB8 /* Resources */ = {
			isa = PBXResourcesBuildPhase;
			buildActionMask = 2147483647;
			files = (
			);
			runOnlyForDeploymentPostprocessing = 0;
		};
/* End PBXResourcesBuildPhase section */

/* Begin PBXShellScriptBuildPhase section */
		1589B8923484C9DC0A4C0592 /* [CP] Check Pods Manifest.lock */ = {
			isa = PBXShellScriptBuildPhase;
			buildActionMask = 2147483647;
			files = (
			);
			inputFileListPaths = (
			);
			inputPaths = (
				"${PODS_PODFILE_DIR_PATH}/Podfile.lock",
				"${PODS_ROOT}/Manifest.lock",
			);
			name = "[CP] Check Pods Manifest.lock";
			outputFileListPaths = (
			);
			outputPaths = (
				"$(DERIVED_FILE_DIR)/Pods-TmdbMovieAppTests-checkManifestLockResult.txt",
			);
			runOnlyForDeploymentPostprocessing = 0;
			shellPath = /bin/sh;
			shellScript = "diff \"${PODS_PODFILE_DIR_PATH}/Podfile.lock\" \"${PODS_ROOT}/Manifest.lock\" > /dev/null\nif [ $? != 0 ] ; then\n    # print error to STDERR\n    echo \"error: The sandbox is not in sync with the Podfile.lock. Run 'pod install' or update your CocoaPods installation.\" >&2\n    exit 1\nfi\n# This output is used by Xcode 'outputs' to avoid re-running this script phase.\necho \"SUCCESS\" > \"${SCRIPT_OUTPUT_FILE_0}\"\n";
			showEnvVarsInLog = 0;
		};
		3BBB25A9DD477B4EA71DC999 /* [CP] Embed Pods Frameworks */ = {
			isa = PBXShellScriptBuildPhase;
			buildActionMask = 2147483647;
			files = (
			);
			inputFileListPaths = (
				"${PODS_ROOT}/Target Support Files/Pods-TmdbMovieApp-TmdbMovieAppUITests/Pods-TmdbMovieApp-TmdbMovieAppUITests-frameworks-${CONFIGURATION}-input-files.xcfilelist",
			);
			name = "[CP] Embed Pods Frameworks";
			outputFileListPaths = (
				"${PODS_ROOT}/Target Support Files/Pods-TmdbMovieApp-TmdbMovieAppUITests/Pods-TmdbMovieApp-TmdbMovieAppUITests-frameworks-${CONFIGURATION}-output-files.xcfilelist",
			);
			runOnlyForDeploymentPostprocessing = 0;
			shellPath = /bin/sh;
			shellScript = "\"${PODS_ROOT}/Target Support Files/Pods-TmdbMovieApp-TmdbMovieAppUITests/Pods-TmdbMovieApp-TmdbMovieAppUITests-frameworks.sh\"\n";
			showEnvVarsInLog = 0;
		};
		5EC6A92B05C961CD021D9EB7 /* [CP] Embed Pods Frameworks */ = {
			isa = PBXShellScriptBuildPhase;
			buildActionMask = 2147483647;
			files = (
			);
			inputFileListPaths = (
				"${PODS_ROOT}/Target Support Files/Pods-TmdbMovieApp/Pods-TmdbMovieApp-frameworks-${CONFIGURATION}-input-files.xcfilelist",
			);
			name = "[CP] Embed Pods Frameworks";
			outputFileListPaths = (
				"${PODS_ROOT}/Target Support Files/Pods-TmdbMovieApp/Pods-TmdbMovieApp-frameworks-${CONFIGURATION}-output-files.xcfilelist",
			);
			runOnlyForDeploymentPostprocessing = 0;
			shellPath = /bin/sh;
			shellScript = "\"${PODS_ROOT}/Target Support Files/Pods-TmdbMovieApp/Pods-TmdbMovieApp-frameworks.sh\"\n";
			showEnvVarsInLog = 0;
		};
		63A3B2EB09A3C896D4FE70A2 /* [CP] Check Pods Manifest.lock */ = {
			isa = PBXShellScriptBuildPhase;
			buildActionMask = 2147483647;
			files = (
			);
			inputFileListPaths = (
			);
			inputPaths = (
				"${PODS_PODFILE_DIR_PATH}/Podfile.lock",
				"${PODS_ROOT}/Manifest.lock",
			);
			name = "[CP] Check Pods Manifest.lock";
			outputFileListPaths = (
			);
			outputPaths = (
				"$(DERIVED_FILE_DIR)/Pods-TmdbMovieApp-checkManifestLockResult.txt",
			);
			runOnlyForDeploymentPostprocessing = 0;
			shellPath = /bin/sh;
			shellScript = "diff \"${PODS_PODFILE_DIR_PATH}/Podfile.lock\" \"${PODS_ROOT}/Manifest.lock\" > /dev/null\nif [ $? != 0 ] ; then\n    # print error to STDERR\n    echo \"error: The sandbox is not in sync with the Podfile.lock. Run 'pod install' or update your CocoaPods installation.\" >&2\n    exit 1\nfi\n# This output is used by Xcode 'outputs' to avoid re-running this script phase.\necho \"SUCCESS\" > \"${SCRIPT_OUTPUT_FILE_0}\"\n";
			showEnvVarsInLog = 0;
		};
		69D5DC4B11D8309DA35813B0 /* [CP] Check Pods Manifest.lock */ = {
			isa = PBXShellScriptBuildPhase;
			buildActionMask = 2147483647;
			files = (
			);
			inputFileListPaths = (
			);
			inputPaths = (
				"${PODS_PODFILE_DIR_PATH}/Podfile.lock",
				"${PODS_ROOT}/Manifest.lock",
			);
			name = "[CP] Check Pods Manifest.lock";
			outputFileListPaths = (
			);
			outputPaths = (
				"$(DERIVED_FILE_DIR)/Pods-TmdbMovieApp-TmdbMovieAppUITests-checkManifestLockResult.txt",
			);
			runOnlyForDeploymentPostprocessing = 0;
			shellPath = /bin/sh;
			shellScript = "diff \"${PODS_PODFILE_DIR_PATH}/Podfile.lock\" \"${PODS_ROOT}/Manifest.lock\" > /dev/null\nif [ $? != 0 ] ; then\n    # print error to STDERR\n    echo \"error: The sandbox is not in sync with the Podfile.lock. Run 'pod install' or update your CocoaPods installation.\" >&2\n    exit 1\nfi\n# This output is used by Xcode 'outputs' to avoid re-running this script phase.\necho \"SUCCESS\" > \"${SCRIPT_OUTPUT_FILE_0}\"\n";
			showEnvVarsInLog = 0;
		};
/* End PBXShellScriptBuildPhase section */

/* Begin PBXSourcesBuildPhase section */
		5E719D7928134A8200FD0BB8 /* Sources */ = {
			isa = PBXSourcesBuildPhase;
			buildActionMask = 2147483647;
			files = (
				5E719E1B28135F5000FD0BB8 /* Decoders.swift in Sources */,
				5E719E21281366B300FD0BB8 /* APIKey.swift in Sources */,
				5E719E1628135E6500FD0BB8 /* Movies.swift in Sources */,
				5E719D8528134A8200FD0BB8 /* ViewController.swift in Sources */,
				5E719D8128134A8200FD0BB8 /* AppDelegate.swift in Sources */,
				5E719E1428135E5800FD0BB8 /* Movie.swift in Sources */,
				5E719E2C281369EA00FD0BB8 /* APIService.swift in Sources */,
				5E719E252813676500FD0BB8 /* NetworkError.swift in Sources */,
				5E719E2E28136A1500FD0BB8 /* NetworkRequest.swift in Sources */,
				5E719D8328134A8200FD0BB8 /* SceneDelegate.swift in Sources */,
				5E719E23281366D900FD0BB8 /* Constants.swift in Sources */,
			);
			runOnlyForDeploymentPostprocessing = 0;
		};
		5E719D8F28134A8300FD0BB8 /* Sources */ = {
			isa = PBXSourcesBuildPhase;
			buildActionMask = 2147483647;
			files = (
				5E719E1828135EAF00FD0BB8 /* MovieTests.swift in Sources */,
			);
			runOnlyForDeploymentPostprocessing = 0;
		};
		5E719D9928134A8300FD0BB8 /* Sources */ = {
			isa = PBXSourcesBuildPhase;
			buildActionMask = 2147483647;
			files = (
				5E719DA428134A8300FD0BB8 /* TmdbMovieAppUITestsLaunchTests.swift in Sources */,
				5E719DA228134A8300FD0BB8 /* TmdbMovieAppUITests.swift in Sources */,
			);
			runOnlyForDeploymentPostprocessing = 0;
		};
/* End PBXSourcesBuildPhase section */

/* Begin PBXTargetDependency section */
		5E719D9528134A8300FD0BB8 /* PBXTargetDependency */ = {
			isa = PBXTargetDependency;
			target = 5E719D7C28134A8200FD0BB8 /* TmdbMovieApp */;
			targetProxy = 5E719D9428134A8300FD0BB8 /* PBXContainerItemProxy */;
		};
		5E719D9F28134A8300FD0BB8 /* PBXTargetDependency */ = {
			isa = PBXTargetDependency;
			target = 5E719D7C28134A8200FD0BB8 /* TmdbMovieApp */;
			targetProxy = 5E719D9E28134A8300FD0BB8 /* PBXContainerItemProxy */;
		};
/* End PBXTargetDependency section */

/* Begin PBXVariantGroup section */
		5E719D8628134A8200FD0BB8 /* Main.storyboard */ = {
			isa = PBXVariantGroup;
			children = (
				5E719D8728134A8200FD0BB8 /* Base */,
			);
			name = Main.storyboard;
			sourceTree = "<group>";
		};
		5E719D8B28134A8300FD0BB8 /* LaunchScreen.storyboard */ = {
			isa = PBXVariantGroup;
			children = (
				5E719D8C28134A8300FD0BB8 /* Base */,
			);
			name = LaunchScreen.storyboard;
			sourceTree = "<group>";
		};
/* End PBXVariantGroup section */

/* Begin XCBuildConfiguration section */
		5E719DA528134A8300FD0BB8 /* Debug */ = {
			isa = XCBuildConfiguration;
			buildSettings = {
				ALWAYS_SEARCH_USER_PATHS = NO;
				CLANG_ANALYZER_NONNULL = YES;
				CLANG_ANALYZER_NUMBER_OBJECT_CONVERSION = YES_AGGRESSIVE;
				CLANG_CXX_LANGUAGE_STANDARD = "gnu++17";
				CLANG_ENABLE_MODULES = YES;
				CLANG_ENABLE_OBJC_ARC = YES;
				CLANG_ENABLE_OBJC_WEAK = YES;
				CLANG_WARN_BLOCK_CAPTURE_AUTORELEASING = YES;
				CLANG_WARN_BOOL_CONVERSION = YES;
				CLANG_WARN_COMMA = YES;
				CLANG_WARN_CONSTANT_CONVERSION = YES;
				CLANG_WARN_DEPRECATED_OBJC_IMPLEMENTATIONS = YES;
				CLANG_WARN_DIRECT_OBJC_ISA_USAGE = YES_ERROR;
				CLANG_WARN_DOCUMENTATION_COMMENTS = YES;
				CLANG_WARN_EMPTY_BODY = YES;
				CLANG_WARN_ENUM_CONVERSION = YES;
				CLANG_WARN_INFINITE_RECURSION = YES;
				CLANG_WARN_INT_CONVERSION = YES;
				CLANG_WARN_NON_LITERAL_NULL_CONVERSION = YES;
				CLANG_WARN_OBJC_IMPLICIT_RETAIN_SELF = YES;
				CLANG_WARN_OBJC_LITERAL_CONVERSION = YES;
				CLANG_WARN_OBJC_ROOT_CLASS = YES_ERROR;
				CLANG_WARN_QUOTED_INCLUDE_IN_FRAMEWORK_HEADER = YES;
				CLANG_WARN_RANGE_LOOP_ANALYSIS = YES;
				CLANG_WARN_STRICT_PROTOTYPES = YES;
				CLANG_WARN_SUSPICIOUS_MOVE = YES;
				CLANG_WARN_UNGUARDED_AVAILABILITY = YES_AGGRESSIVE;
				CLANG_WARN_UNREACHABLE_CODE = YES;
				CLANG_WARN__DUPLICATE_METHOD_MATCH = YES;
				COPY_PHASE_STRIP = NO;
				DEBUG_INFORMATION_FORMAT = dwarf;
				ENABLE_STRICT_OBJC_MSGSEND = YES;
				ENABLE_TESTABILITY = YES;
				GCC_C_LANGUAGE_STANDARD = gnu11;
				GCC_DYNAMIC_NO_PIC = NO;
				GCC_NO_COMMON_BLOCKS = YES;
				GCC_OPTIMIZATION_LEVEL = 0;
				GCC_PREPROCESSOR_DEFINITIONS = (
					"DEBUG=1",
					"$(inherited)",
				);
				GCC_WARN_64_TO_32_BIT_CONVERSION = YES;
				GCC_WARN_ABOUT_RETURN_TYPE = YES_ERROR;
				GCC_WARN_UNDECLARED_SELECTOR = YES;
				GCC_WARN_UNINITIALIZED_AUTOS = YES_AGGRESSIVE;
				GCC_WARN_UNUSED_FUNCTION = YES;
				GCC_WARN_UNUSED_VARIABLE = YES;
				IPHONEOS_DEPLOYMENT_TARGET = 15.4;
				MTL_ENABLE_DEBUG_INFO = INCLUDE_SOURCE;
				MTL_FAST_MATH = YES;
				ONLY_ACTIVE_ARCH = YES;
				SDKROOT = iphoneos;
				SWIFT_ACTIVE_COMPILATION_CONDITIONS = DEBUG;
				SWIFT_OPTIMIZATION_LEVEL = "-Onone";
			};
			name = Debug;
		};
		5E719DA628134A8300FD0BB8 /* Release */ = {
			isa = XCBuildConfiguration;
			buildSettings = {
				ALWAYS_SEARCH_USER_PATHS = NO;
				CLANG_ANALYZER_NONNULL = YES;
				CLANG_ANALYZER_NUMBER_OBJECT_CONVERSION = YES_AGGRESSIVE;
				CLANG_CXX_LANGUAGE_STANDARD = "gnu++17";
				CLANG_ENABLE_MODULES = YES;
				CLANG_ENABLE_OBJC_ARC = YES;
				CLANG_ENABLE_OBJC_WEAK = YES;
				CLANG_WARN_BLOCK_CAPTURE_AUTORELEASING = YES;
				CLANG_WARN_BOOL_CONVERSION = YES;
				CLANG_WARN_COMMA = YES;
				CLANG_WARN_CONSTANT_CONVERSION = YES;
				CLANG_WARN_DEPRECATED_OBJC_IMPLEMENTATIONS = YES;
				CLANG_WARN_DIRECT_OBJC_ISA_USAGE = YES_ERROR;
				CLANG_WARN_DOCUMENTATION_COMMENTS = YES;
				CLANG_WARN_EMPTY_BODY = YES;
				CLANG_WARN_ENUM_CONVERSION = YES;
				CLANG_WARN_INFINITE_RECURSION = YES;
				CLANG_WARN_INT_CONVERSION = YES;
				CLANG_WARN_NON_LITERAL_NULL_CONVERSION = YES;
				CLANG_WARN_OBJC_IMPLICIT_RETAIN_SELF = YES;
				CLANG_WARN_OBJC_LITERAL_CONVERSION = YES;
				CLANG_WARN_OBJC_ROOT_CLASS = YES_ERROR;
				CLANG_WARN_QUOTED_INCLUDE_IN_FRAMEWORK_HEADER = YES;
				CLANG_WARN_RANGE_LOOP_ANALYSIS = YES;
				CLANG_WARN_STRICT_PROTOTYPES = YES;
				CLANG_WARN_SUSPICIOUS_MOVE = YES;
				CLANG_WARN_UNGUARDED_AVAILABILITY = YES_AGGRESSIVE;
				CLANG_WARN_UNREACHABLE_CODE = YES;
				CLANG_WARN__DUPLICATE_METHOD_MATCH = YES;
				COPY_PHASE_STRIP = NO;
				DEBUG_INFORMATION_FORMAT = "dwarf-with-dsym";
				ENABLE_NS_ASSERTIONS = NO;
				ENABLE_STRICT_OBJC_MSGSEND = YES;
				GCC_C_LANGUAGE_STANDARD = gnu11;
				GCC_NO_COMMON_BLOCKS = YES;
				GCC_WARN_64_TO_32_BIT_CONVERSION = YES;
				GCC_WARN_ABOUT_RETURN_TYPE = YES_ERROR;
				GCC_WARN_UNDECLARED_SELECTOR = YES;
				GCC_WARN_UNINITIALIZED_AUTOS = YES_AGGRESSIVE;
				GCC_WARN_UNUSED_FUNCTION = YES;
				GCC_WARN_UNUSED_VARIABLE = YES;
				IPHONEOS_DEPLOYMENT_TARGET = 15.4;
				MTL_ENABLE_DEBUG_INFO = NO;
				MTL_FAST_MATH = YES;
				SDKROOT = iphoneos;
				SWIFT_COMPILATION_MODE = wholemodule;
				SWIFT_OPTIMIZATION_LEVEL = "-O";
				VALIDATE_PRODUCT = YES;
			};
			name = Release;
		};
		5E719DA828134A8300FD0BB8 /* Debug */ = {
			isa = XCBuildConfiguration;
			baseConfigurationReference = 7750077606179FD827809D59 /* Pods-TmdbMovieApp.debug.xcconfig */;
			buildSettings = {
				ASSETCATALOG_COMPILER_APPICON_NAME = AppIcon;
				ASSETCATALOG_COMPILER_GLOBAL_ACCENT_COLOR_NAME = AccentColor;
				CODE_SIGN_STYLE = Automatic;
				CURRENT_PROJECT_VERSION = 1;
				DEVELOPMENT_TEAM = SS2CH8F6CH;
				GENERATE_INFOPLIST_FILE = YES;
				INFOPLIST_FILE = TmdbMovieApp/Info.plist;
				INFOPLIST_KEY_UIApplicationSupportsIndirectInputEvents = YES;
				INFOPLIST_KEY_UILaunchStoryboardName = LaunchScreen;
				INFOPLIST_KEY_UIMainStoryboardFile = Main;
				INFOPLIST_KEY_UISupportedInterfaceOrientations_iPad = "UIInterfaceOrientationPortrait UIInterfaceOrientationPortraitUpsideDown UIInterfaceOrientationLandscapeLeft UIInterfaceOrientationLandscapeRight";
				INFOPLIST_KEY_UISupportedInterfaceOrientations_iPhone = "UIInterfaceOrientationPortrait UIInterfaceOrientationLandscapeLeft UIInterfaceOrientationLandscapeRight";
				LD_RUNPATH_SEARCH_PATHS = (
					"$(inherited)",
					"@executable_path/Frameworks",
				);
				MARKETING_VERSION = 1.0;
				PRODUCT_BUNDLE_IDENTIFIER = com.hamitseyrek.TmdbMovieApp;
				PRODUCT_NAME = "$(TARGET_NAME)";
				SWIFT_EMIT_LOC_STRINGS = YES;
				SWIFT_VERSION = 5.0;
				TARGETED_DEVICE_FAMILY = "1,2";
			};
			name = Debug;
		};
		5E719DA928134A8300FD0BB8 /* Release */ = {
			isa = XCBuildConfiguration;
			baseConfigurationReference = 09F8EA818E75D85E3120CA78 /* Pods-TmdbMovieApp.release.xcconfig */;
			buildSettings = {
				ASSETCATALOG_COMPILER_APPICON_NAME = AppIcon;
				ASSETCATALOG_COMPILER_GLOBAL_ACCENT_COLOR_NAME = AccentColor;
				CODE_SIGN_STYLE = Automatic;
				CURRENT_PROJECT_VERSION = 1;
				DEVELOPMENT_TEAM = SS2CH8F6CH;
				GENERATE_INFOPLIST_FILE = YES;
				INFOPLIST_FILE = TmdbMovieApp/Info.plist;
				INFOPLIST_KEY_UIApplicationSupportsIndirectInputEvents = YES;
				INFOPLIST_KEY_UILaunchStoryboardName = LaunchScreen;
				INFOPLIST_KEY_UIMainStoryboardFile = Main;
				INFOPLIST_KEY_UISupportedInterfaceOrientations_iPad = "UIInterfaceOrientationPortrait UIInterfaceOrientationPortraitUpsideDown UIInterfaceOrientationLandscapeLeft UIInterfaceOrientationLandscapeRight";
				INFOPLIST_KEY_UISupportedInterfaceOrientations_iPhone = "UIInterfaceOrientationPortrait UIInterfaceOrientationLandscapeLeft UIInterfaceOrientationLandscapeRight";
				LD_RUNPATH_SEARCH_PATHS = (
					"$(inherited)",
					"@executable_path/Frameworks",
				);
				MARKETING_VERSION = 1.0;
				PRODUCT_BUNDLE_IDENTIFIER = com.hamitseyrek.TmdbMovieApp;
				PRODUCT_NAME = "$(TARGET_NAME)";
				SWIFT_EMIT_LOC_STRINGS = YES;
				SWIFT_VERSION = 5.0;
				TARGETED_DEVICE_FAMILY = "1,2";
			};
			name = Release;
		};
		5E719DAB28134A8300FD0BB8 /* Debug */ = {
			isa = XCBuildConfiguration;
			baseConfigurationReference = 7B4D229A504940D5DF5170AF /* Pods-TmdbMovieAppTests.debug.xcconfig */;
			buildSettings = {
				ALWAYS_EMBED_SWIFT_STANDARD_LIBRARIES = YES;
				BUNDLE_LOADER = "$(TEST_HOST)";
				CODE_SIGN_STYLE = Automatic;
				CURRENT_PROJECT_VERSION = 1;
				DEVELOPMENT_TEAM = SS2CH8F6CH;
				GENERATE_INFOPLIST_FILE = YES;
				IPHONEOS_DEPLOYMENT_TARGET = 15.4;
				MARKETING_VERSION = 1.0;
				PRODUCT_BUNDLE_IDENTIFIER = com.hamitseyrek.TmdbMovieAppTests;
				PRODUCT_NAME = "$(TARGET_NAME)";
				SWIFT_EMIT_LOC_STRINGS = NO;
				SWIFT_VERSION = 5.0;
				TARGETED_DEVICE_FAMILY = "1,2";
				TEST_HOST = "$(BUILT_PRODUCTS_DIR)/TmdbMovieApp.app/TmdbMovieApp";
			};
			name = Debug;
		};
		5E719DAC28134A8300FD0BB8 /* Release */ = {
			isa = XCBuildConfiguration;
			baseConfigurationReference = E1617C22C161E869AEA9FB18 /* Pods-TmdbMovieAppTests.release.xcconfig */;
			buildSettings = {
				ALWAYS_EMBED_SWIFT_STANDARD_LIBRARIES = YES;
				BUNDLE_LOADER = "$(TEST_HOST)";
				CODE_SIGN_STYLE = Automatic;
				CURRENT_PROJECT_VERSION = 1;
				DEVELOPMENT_TEAM = SS2CH8F6CH;
				GENERATE_INFOPLIST_FILE = YES;
				IPHONEOS_DEPLOYMENT_TARGET = 15.4;
				MARKETING_VERSION = 1.0;
				PRODUCT_BUNDLE_IDENTIFIER = com.hamitseyrek.TmdbMovieAppTests;
				PRODUCT_NAME = "$(TARGET_NAME)";
				SWIFT_EMIT_LOC_STRINGS = NO;
				SWIFT_VERSION = 5.0;
				TARGETED_DEVICE_FAMILY = "1,2";
				TEST_HOST = "$(BUILT_PRODUCTS_DIR)/TmdbMovieApp.app/TmdbMovieApp";
			};
			name = Release;
		};
		5E719DAE28134A8300FD0BB8 /* Debug */ = {
			isa = XCBuildConfiguration;
			baseConfigurationReference = F53851B0151D874223F9ACD6 /* Pods-TmdbMovieApp-TmdbMovieAppUITests.debug.xcconfig */;
			buildSettings = {
				ALWAYS_EMBED_SWIFT_STANDARD_LIBRARIES = YES;
				CODE_SIGN_STYLE = Automatic;
				CURRENT_PROJECT_VERSION = 1;
				DEVELOPMENT_TEAM = SS2CH8F6CH;
				GENERATE_INFOPLIST_FILE = YES;
				MARKETING_VERSION = 1.0;
				PRODUCT_BUNDLE_IDENTIFIER = com.hamitseyrek.TmdbMovieAppUITests;
				PRODUCT_NAME = "$(TARGET_NAME)";
				SWIFT_EMIT_LOC_STRINGS = NO;
				SWIFT_VERSION = 5.0;
				TARGETED_DEVICE_FAMILY = "1,2";
				TEST_TARGET_NAME = TmdbMovieApp;
			};
			name = Debug;
		};
		5E719DAF28134A8300FD0BB8 /* Release */ = {
			isa = XCBuildConfiguration;
			baseConfigurationReference = 50D20FE5BC55DFF9AE51859B /* Pods-TmdbMovieApp-TmdbMovieAppUITests.release.xcconfig */;
			buildSettings = {
				ALWAYS_EMBED_SWIFT_STANDARD_LIBRARIES = YES;
				CODE_SIGN_STYLE = Automatic;
				CURRENT_PROJECT_VERSION = 1;
				DEVELOPMENT_TEAM = SS2CH8F6CH;
				GENERATE_INFOPLIST_FILE = YES;
				MARKETING_VERSION = 1.0;
				PRODUCT_BUNDLE_IDENTIFIER = com.hamitseyrek.TmdbMovieAppUITests;
				PRODUCT_NAME = "$(TARGET_NAME)";
				SWIFT_EMIT_LOC_STRINGS = NO;
				SWIFT_VERSION = 5.0;
				TARGETED_DEVICE_FAMILY = "1,2";
				TEST_TARGET_NAME = TmdbMovieApp;
			};
			name = Release;
		};
/* End XCBuildConfiguration section */

/* Begin XCConfigurationList section */
		5E719D7828134A8200FD0BB8 /* Build configuration list for PBXProject "TmdbMovieApp" */ = {
			isa = XCConfigurationList;
			buildConfigurations = (
				5E719DA528134A8300FD0BB8 /* Debug */,
				5E719DA628134A8300FD0BB8 /* Release */,
			);
			defaultConfigurationIsVisible = 0;
			defaultConfigurationName = Release;
		};
		5E719DA728134A8300FD0BB8 /* Build configuration list for PBXNativeTarget "TmdbMovieApp" */ = {
			isa = XCConfigurationList;
			buildConfigurations = (
				5E719DA828134A8300FD0BB8 /* Debug */,
				5E719DA928134A8300FD0BB8 /* Release */,
			);
			defaultConfigurationIsVisible = 0;
			defaultConfigurationName = Release;
		};
		5E719DAA28134A8300FD0BB8 /* Build configuration list for PBXNativeTarget "TmdbMovieAppTests" */ = {
			isa = XCConfigurationList;
			buildConfigurations = (
				5E719DAB28134A8300FD0BB8 /* Debug */,
				5E719DAC28134A8300FD0BB8 /* Release */,
			);
			defaultConfigurationIsVisible = 0;
			defaultConfigurationName = Release;
		};
		5E719DAD28134A8300FD0BB8 /* Build configuration list for PBXNativeTarget "TmdbMovieAppUITests" */ = {
			isa = XCConfigurationList;
			buildConfigurations = (
				5E719DAE28134A8300FD0BB8 /* Debug */,
				5E719DAF28134A8300FD0BB8 /* Release */,
			);
			defaultConfigurationIsVisible = 0;
			defaultConfigurationName = Release;
		};
/* End XCConfigurationList section */
	};
	rootObject = 5E719D7528134A8200FD0BB8 /* Project object */;
}
